
Microsoft Visual Studio Solution File, Format Version 12.00
# Visual Studio Version 17
VisualStudioVersion = 17.2.32526.322
MinimumVisualStudioVersion = 10.0.40219.1
Project("{FAE04EC0-301F-11D3-BF4B-00C04F79EFBC}") = "ChallengeRooftopAcademy", "ChallengeRooftopAcademy\ChallengeRooftopAcademy.csproj", "{D02F5A18-D3A0-4840-BE0D-8EEC1A4162A8}"
EndProject
Project("{FAE04EC0-301F-11D3-BF4B-00C04F79EFBC}") = "ChallengeRooftopAcademy.UnitTest", "ChallengeRooftopAcademy.UnitTest\ChallengeRooftopAcademy.UnitTest.csproj", "{43236878-81C3-4E37-B0C8-63227F7C4453}"
EndProject
Global
	GlobalSection(SolutionConfigurationPlatforms) = preSolution
		Debug|Any CPU = Debug|Any CPU
		Release|Any CPU = Release|Any CPU
	EndGlobalSection
	GlobalSection(ProjectConfigurationPlatforms) = postSolution
		{D02F5A18-D3A0-4840-BE0D-8EEC1A4162A8}.Debug|Any CPU.ActiveCfg = Debug|Any CPU
		{D02F5A18-D3A0-4840-BE0D-8EEC1A4162A8}.Debug|Any CPU.Build.0 = Debug|Any CPU
		{D02F5A18-D3A0-4840-BE0D-8EEC1A4162A8}.Release|Any CPU.ActiveCfg = Release|Any CPU
		{D02F5A18-D3A0-4840-BE0D-8EEC1A4162A8}.Release|Any CPU.Build.0 = Release|Any CPU
		{43236878-81C3-4E37-B0C8-63227F7C4453}.Debug|Any CPU.ActiveCfg = Debug|Any CPU
		{43236878-81C3-4E37-B0C8-63227F7C4453}.Debug|Any CPU.Build.0 = Debug|Any CPU
		{43236878-81C3-4E37-B0C8-63227F7C4453}.Release|Any CPU.ActiveCfg = Release|Any CPU
		{43236878-81C3-4E37-B0C8-63227F7C4453}.Release|Any CPU.Build.0 = Release|Any CPU
	EndGlobalSection
	GlobalSection(SolutionProperties) = preSolution
		HideSolutionNode = FALSE
	EndGlobalSection
	GlobalSection(ExtensibilityGlobals) = postSolution
		SolutionGuid = {3941F039-9B60-4910-81FC-A9183A3425F1}
	EndGlobalSection
EndGlobal
